
Microsoft Visual Studio Solution File, Format Version 12.00
# Visual Studio 15
VisualStudioVersion = 15.0.26430.16
MinimumVisualStudioVersion = 10.0.40219.1
Project("{D954291E-2A0B-460D-934E-DC6B0785DB48}") = "Test", "Test\Test\Test.shproj", "{003EA4C4-B523-4B07-92F3-ADCBBEF42B45}"
EndProject
Project("{FAE04EC0-301F-11D3-BF4B-00C04F79EFBC}") = "Test.Android", "Test\Test.Android\Test.Android.csproj", "{6890D6F2-47D9-46A2-9F53-5532D123EDAA}"
EndProject
Project("{FAE04EC0-301F-11D3-BF4B-00C04F79EFBC}") = "Test.iOS", "Test\Test.iOS\Test.iOS.csproj", "{8C3458DE-24C4-4A4B-BDD8-EFFFA361221C}"
EndProject
Project("{FAE04EC0-301F-11D3-BF4B-00C04F79EFBC}") = "Test.UWP", "Test\Test.UWP\Test.UWP.csproj", "{8B507B3B-C1FE-4688-97D0-90E8C31B5EB6}"
EndProject
Global
	GlobalSection(SharedMSBuildProjectFiles) = preSolution
		Test\Test\Test.projitems*{003ea4c4-b523-4b07-92f3-adcbbef42b45}*SharedItemsImports = 13
		Test\Test\Test.projitems*{6890d6f2-47d9-46a2-9f53-5532d123edaa}*SharedItemsImports = 4
		Test\Test\Test.projitems*{8b507b3b-c1fe-4688-97d0-90e8c31b5eb6}*SharedItemsImports = 4
		Test\Test\Test.projitems*{8c3458de-24c4-4a4b-bdd8-efffa361221c}*SharedItemsImports = 4
	EndGlobalSection
	GlobalSection(SolutionConfigurationPlatforms) = preSolution
		Ad-Hoc|Any CPU = Ad-Hoc|Any CPU
		Ad-Hoc|ARM = Ad-Hoc|ARM
		Ad-Hoc|iPhone = Ad-Hoc|iPhone
		Ad-Hoc|iPhoneSimulator = Ad-Hoc|iPhoneSimulator
		Ad-Hoc|x64 = Ad-Hoc|x64
		Ad-Hoc|x86 = Ad-Hoc|x86
		AppStore|Any CPU = AppStore|Any CPU
		AppStore|ARM = AppStore|ARM
		AppStore|iPhone = AppStore|iPhone
		AppStore|iPhoneSimulator = AppStore|iPhoneSimulator
		AppStore|x64 = AppStore|x64
		AppStore|x86 = AppStore|x86
		Debug|Any CPU = Debug|Any CPU
		Debug|ARM = Debug|ARM
		Debug|iPhone = Debug|iPhone
		Debug|iPhoneSimulator = Debug|iPhoneSimulator
		Debug|x64 = Debug|x64
		Debug|x86 = Debug|x86
		Release|Any CPU = Release|Any CPU
		Release|ARM = Release|ARM
		Release|iPhone = Release|iPhone
		Release|iPhoneSimulator = Release|iPhoneSimulator
		Release|x64 = Release|x64
		Release|x86 = Release|x86
	EndGlobalSection
	GlobalSection(ProjectConfigurationPlatforms) = postSolution
		{6890D6F2-47D9-46A2-9F53-5532D123EDAA}.Ad-Hoc|Any CPU.ActiveCfg = Release|Any CPU
		{6890D6F2-47D9-46A2-9F53-5532D123EDAA}.Ad-Hoc|Any CPU.Build.0 = Release|Any CPU
		{6890D6F2-47D9-46A2-9F53-5532D123EDAA}.Ad-Hoc|Any CPU.Deploy.0 = Release|Any CPU
		{6890D6F2-47D9-46A2-9F53-5532D123EDAA}.Ad-Hoc|ARM.ActiveCfg = Release|Any CPU
		{6890D6F2-47D9-46A2-9F53-5532D123EDAA}.Ad-Hoc|ARM.Build.0 = Release|Any CPU
		{6890D6F2-47D9-46A2-9F53-5532D123EDAA}.Ad-Hoc|ARM.Deploy.0 = Release|Any CPU
		{6890D6F2-47D9-46A2-9F53-5532D123EDAA}.Ad-Hoc|iPhone.ActiveCfg = Release|Any CPU
		{6890D6F2-47D9-46A2-9F53-5532D123EDAA}.Ad-Hoc|iPhone.Build.0 = Release|Any CPU
		{6890D6F2-47D9-46A2-9F53-5532D123EDAA}.Ad-Hoc|iPhone.Deploy.0 = Release|Any CPU
		{6890D6F2-47D9-46A2-9F53-5532D123EDAA}.Ad-Hoc|iPhoneSimulator.ActiveCfg = Release|Any CPU
		{6890D6F2-47D9-46A2-9F53-5532D123EDAA}.Ad-Hoc|iPhoneSimulator.Build.0 = Release|Any CPU
		{6890D6F2-47D9-46A2-9F53-5532D123EDAA}.Ad-Hoc|iPhoneSimulator.Deploy.0 = Release|Any CPU
		{6890D6F2-47D9-46A2-9F53-5532D123EDAA}.Ad-Hoc|x64.ActiveCfg = Release|Any CPU
		{6890D6F2-47D9-46A2-9F53-5532D123EDAA}.Ad-Hoc|x64.Build.0 = Release|Any CPU
		{6890D6F2-47D9-46A2-9F53-5532D123EDAA}.Ad-Hoc|x64.Deploy.0 = Release|Any CPU
		{6890D6F2-47D9-46A2-9F53-5532D123EDAA}.Ad-Hoc|x86.ActiveCfg = Release|Any CPU
		{6890D6F2-47D9-46A2-9F53-5532D123EDAA}.Ad-Hoc|x86.Build.0 = Release|Any CPU
		{6890D6F2-47D9-46A2-9F53-5532D123EDAA}.Ad-Hoc|x86.Deploy.0 = Release|Any CPU
		{6890D6F2-47D9-46A2-9F53-5532D123EDAA}.AppStore|Any CPU.ActiveCfg = Release|Any CPU
		{6890D6F2-47D9-46A2-9F53-5532D123EDAA}.AppStore|Any CPU.Build.0 = Release|Any CPU
		{6890D6F2-47D9-46A2-9F53-5532D123EDAA}.AppStore|Any CPU.Deploy.0 = Release|Any CPU
		{6890D6F2-47D9-46A2-9F53-5532D123EDAA}.AppStore|ARM.ActiveCfg = Release|Any CPU
		{6890D6F2-47D9-46A2-9F53-5532D123EDAA}.AppStore|ARM.Build.0 = Release|Any CPU
		{6890D6F2-47D9-46A2-9F53-5532D123EDAA}.AppStore|ARM.Deploy.0 = Release|Any CPU
		{6890D6F2-47D9-46A2-9F53-5532D123EDAA}.AppStore|iPhone.ActiveCfg = Release|Any CPU
		{6890D6F2-47D9-46A2-9F53-5532D123EDAA}.AppStore|iPhone.Build.0 = Release|Any CPU
		{6890D6F2-47D9-46A2-9F53-5532D123EDAA}.AppStore|iPhone.Deploy.0 = Release|Any CPU
		{6890D6F2-47D9-46A2-9F53-5532D123EDAA}.AppStore|iPhoneSimulator.ActiveCfg = Release|Any CPU
		{6890D6F2-47D9-46A2-9F53-5532D123EDAA}.AppStore|iPhoneSimulator.Build.0 = Release|Any CPU
		{6890D6F2-47D9-46A2-9F53-5532D123EDAA}.AppStore|iPhoneSimulator.Deploy.0 = Release|Any CPU
		{6890D6F2-47D9-46A2-9F53-5532D123EDAA}.AppStore|x64.ActiveCfg = Release|Any CPU
		{6890D6F2-47D9-46A2-9F53-5532D123EDAA}.AppStore|x64.Build.0 = Release|Any CPU
		{6890D6F2-47D9-46A2-9F53-5532D123EDAA}.AppStore|x64.Deploy.0 = Release|Any CPU
		{6890D6F2-47D9-46A2-9F53-5532D123EDAA}.AppStore|x86.ActiveCfg = Release|Any CPU
		{6890D6F2-47D9-46A2-9F53-5532D123EDAA}.AppStore|x86.Build.0 = Release|Any CPU
		{6890D6F2-47D9-46A2-9F53-5532D123EDAA}.AppStore|x86.Deploy.0 = Release|Any CPU
		{6890D6F2-47D9-46A2-9F53-5532D123EDAA}.Debug|Any CPU.ActiveCfg = Debug|Any CPU
		{6890D6F2-47D9-46A2-9F53-5532D123EDAA}.Debug|Any CPU.Build.0 = Debug|Any CPU
		{6890D6F2-47D9-46A2-9F53-5532D123EDAA}.Debug|Any CPU.Deploy.0 = Debug|Any CPU
		{6890D6F2-47D9-46A2-9F53-5532D123EDAA}.Debug|ARM.ActiveCfg = Debug|Any CPU
		{6890D6F2-47D9-46A2-9F53-5532D123EDAA}.Debug|ARM.Build.0 = Debug|Any CPU
		{6890D6F2-47D9-46A2-9F53-5532D123EDAA}.Debug|ARM.Deploy.0 = Debug|Any CPU
		{6890D6F2-47D9-46A2-9F53-5532D123EDAA}.Debug|iPhone.ActiveCfg = Debug|Any CPU
		{6890D6F2-47D9-46A2-9F53-5532D123EDAA}.Debug|iPhone.Build.0 = Debug|Any CPU
		{6890D6F2-47D9-46A2-9F53-5532D123EDAA}.Debug|iPhone.Deploy.0 = Debug|Any CPU
		{6890D6F2-47D9-46A2-9F53-5532D123EDAA}.Debug|iPhoneSimulator.ActiveCfg = Debug|Any CPU
		{6890D6F2-47D9-46A2-9F53-5532D123EDAA}.Debug|iPhoneSimulator.Build.0 = Debug|Any CPU
		{6890D6F2-47D9-46A2-9F53-5532D123EDAA}.Debug|iPhoneSimulator.Deploy.0 = Debug|Any CPU
		{6890D6F2-47D9-46A2-9F53-5532D123EDAA}.Debug|x64.ActiveCfg = Debug|Any CPU
		{6890D6F2-47D9-46A2-9F53-5532D123EDAA}.Debug|x64.Build.0 = Debug|Any CPU
		{6890D6F2-47D9-46A2-9F53-5532D123EDAA}.Debug|x64.Deploy.0 = Debug|Any CPU
		{6890D6F2-47D9-46A2-9F53-5532D123EDAA}.Debug|x86.ActiveCfg = Debug|Any CPU
		{6890D6F2-47D9-46A2-9F53-5532D123EDAA}.Debug|x86.Build.0 = Debug|Any CPU
		{6890D6F2-47D9-46A2-9F53-5532D123EDAA}.Debug|x86.Deploy.0 = Debug|Any CPU
		{6890D6F2-47D9-46A2-9F53-5532D123EDAA}.Release|Any CPU.ActiveCfg = Release|Any CPU
		{6890D6F2-47D9-46A2-9F53-5532D123EDAA}.Release|Any CPU.Build.0 = Release|Any CPU
		{6890D6F2-47D9-46A2-9F53-5532D123EDAA}.Release|Any CPU.Deploy.0 = Release|Any CPU
		{6890D6F2-47D9-46A2-9F53-5532D123EDAA}.Release|ARM.ActiveCfg = Release|Any CPU
		{6890D6F2-47D9-46A2-9F53-5532D123EDAA}.Release|ARM.Build.0 = Release|Any CPU
		{6890D6F2-47D9-46A2-9F53-5532D123EDAA}.Release|ARM.Deploy.0 = Release|Any CPU
		{6890D6F2-47D9-46A2-9F53-5532D123EDAA}.Release|iPhone.ActiveCfg = Release|Any CPU
		{6890D6F2-47D9-46A2-9F53-5532D123EDAA}.Release|iPhone.Build.0 = Release|Any CPU
		{6890D6F2-47D9-46A2-9F53-5532D123EDAA}.Release|iPhone.Deploy.0 = Release|Any CPU
		{6890D6F2-47D9-46A2-9F53-5532D123EDAA}.Release|iPhoneSimulator.ActiveCfg = Release|Any CPU
		{6890D6F2-47D9-46A2-9F53-5532D123EDAA}.Release|iPhoneSimulator.Build.0 = Release|Any CPU
		{6890D6F2-47D9-46A2-9F53-5532D123EDAA}.Release|iPhoneSimulator.Deploy.0 = Release|Any CPU
		{6890D6F2-47D9-46A2-9F53-5532D123EDAA}.Release|x64.ActiveCfg = Release|Any CPU
		{6890D6F2-47D9-46A2-9F53-5532D123EDAA}.Release|x64.Build.0 = Release|Any CPU
		{6890D6F2-47D9-46A2-9F53-5532D123EDAA}.Release|x64.Deploy.0 = Release|Any CPU
		{6890D6F2-47D9-46A2-9F53-5532D123EDAA}.Release|x86.ActiveCfg = Release|Any CPU
		{6890D6F2-47D9-46A2-9F53-5532D123EDAA}.Release|x86.Build.0 = Release|Any CPU
		{6890D6F2-47D9-46A2-9F53-5532D123EDAA}.Release|x86.Deploy.0 = Release|Any CPU
		{8C3458DE-24C4-4A4B-BDD8-EFFFA361221C}.Ad-Hoc|Any CPU.ActiveCfg = Ad-Hoc|iPhone
		{8C3458DE-24C4-4A4B-BDD8-EFFFA361221C}.Ad-Hoc|ARM.ActiveCfg = Ad-Hoc|iPhone
		{8C3458DE-24C4-4A4B-BDD8-EFFFA361221C}.Ad-Hoc|iPhone.ActiveCfg = Ad-Hoc|iPhone
		{8C3458DE-24C4-4A4B-BDD8-EFFFA361221C}.Ad-Hoc|iPhone.Build.0 = Ad-Hoc|iPhone
		{8C3458DE-24C4-4A4B-BDD8-EFFFA361221C}.Ad-Hoc|iPhoneSimulator.ActiveCfg = Ad-Hoc|iPhoneSimulator
		{8C3458DE-24C4-4A4B-BDD8-EFFFA361221C}.Ad-Hoc|iPhoneSimulator.Build.0 = Ad-Hoc|iPhoneSimulator
		{8C3458DE-24C4-4A4B-BDD8-EFFFA361221C}.Ad-Hoc|x64.ActiveCfg = Ad-Hoc|iPhone
		{8C3458DE-24C4-4A4B-BDD8-EFFFA361221C}.Ad-Hoc|x86.ActiveCfg = Ad-Hoc|iPhone
		{8C3458DE-24C4-4A4B-BDD8-EFFFA361221C}.AppStore|Any CPU.ActiveCfg = AppStore|iPhone
		{8C3458DE-24C4-4A4B-BDD8-EFFFA361221C}.AppStore|ARM.ActiveCfg = AppStore|iPhone
		{8C3458DE-24C4-4A4B-BDD8-EFFFA361221C}.AppStore|iPhone.ActiveCfg = AppStore|iPhone
		{8C3458DE-24C4-4A4B-BDD8-EFFFA361221C}.AppStore|iPhone.Build.0 = AppStore|iPhone
		{8C3458DE-24C4-4A4B-BDD8-EFFFA361221C}.AppStore|iPhoneSimulator.ActiveCfg = AppStore|iPhoneSimulator
		{8C3458DE-24C4-4A4B-BDD8-EFFFA361221C}.AppStore|iPhoneSimulator.Build.0 = AppStore|iPhoneSimulator
		{8C3458DE-24C4-4A4B-BDD8-EFFFA361221C}.AppStore|x64.ActiveCfg = AppStore|iPhone
		{8C3458DE-24C4-4A4B-BDD8-EFFFA361221C}.AppStore|x86.ActiveCfg = AppStore|iPhone
		{8C3458DE-24C4-4A4B-BDD8-EFFFA361221C}.Debug|Any CPU.ActiveCfg = Debug|iPhone
		{8C3458DE-24C4-4A4B-BDD8-EFFFA361221C}.Debug|ARM.ActiveCfg = Debug|iPhone
		{8C3458DE-24C4-4A4B-BDD8-EFFFA361221C}.Debug|iPhone.ActiveCfg = Debug|iPhone
		{8C3458DE-24C4-4A4B-BDD8-EFFFA361221C}.Debug|iPhone.Build.0 = Debug|iPhone
		{8C3458DE-24C4-4A4B-BDD8-EFFFA361221C}.Debug|iPhoneSimulator.ActiveCfg = Debug|iPhoneSimulator
		{8C3458DE-24C4-4A4B-BDD8-EFFFA361221C}.Debug|iPhoneSimulator.Build.0 = Debug|iPhoneSimulator
		{8C3458DE-24C4-4A4B-BDD8-EFFFA361221C}.Debug|x64.ActiveCfg = Debug|iPhone
		{8C3458DE-24C4-4A4B-BDD8-EFFFA361221C}.Debug|x86.ActiveCfg = Debug|iPhone
		{8C3458DE-24C4-4A4B-BDD8-EFFFA361221C}.Release|Any CPU.ActiveCfg = Release|iPhone
		{8C3458DE-24C4-4A4B-BDD8-EFFFA361221C}.Release|ARM.ActiveCfg = Release|iPhone
		{8C3458DE-24C4-4A4B-BDD8-EFFFA361221C}.Release|iPhone.ActiveCfg = Release|iPhone
		{8C3458DE-24C4-4A4B-BDD8-EFFFA361221C}.Release|iPhone.Build.0 = Release|iPhone
		{8C3458DE-24C4-4A4B-BDD8-EFFFA361221C}.Release|iPhoneSimulator.ActiveCfg = Release|iPhoneSimulator
		{8C3458DE-24C4-4A4B-BDD8-EFFFA361221C}.Release|iPhoneSimulator.Build.0 = Release|iPhoneSimulator
		{8C3458DE-24C4-4A4B-BDD8-EFFFA361221C}.Release|x64.ActiveCfg = Release|iPhone
		{8C3458DE-24C4-4A4B-BDD8-EFFFA361221C}.Release|x86.ActiveCfg = Release|iPhone
		{8B507B3B-C1FE-4688-97D0-90E8C31B5EB6}.Ad-Hoc|Any CPU.ActiveCfg = Release|x86
		{8B507B3B-C1FE-4688-97D0-90E8C31B5EB6}.Ad-Hoc|Any CPU.Build.0 = Release|x86
		{8B507B3B-C1FE-4688-97D0-90E8C31B5EB6}.Ad-Hoc|Any CPU.Deploy.0 = Release|x86
		{8B507B3B-C1FE-4688-97D0-90E8C31B5EB6}.Ad-Hoc|ARM.ActiveCfg = Release|ARM
		{8B507B3B-C1FE-4688-97D0-90E8C31B5EB6}.Ad-Hoc|ARM.Build.0 = Release|ARM
		{8B507B3B-C1FE-4688-97D0-90E8C31B5EB6}.Ad-Hoc|ARM.Deploy.0 = Release|ARM
		{8B507B3B-C1FE-4688-97D0-90E8C31B5EB6}.Ad-Hoc|iPhone.ActiveCfg = Release|x86
		{8B507B3B-C1FE-4688-97D0-90E8C31B5EB6}.Ad-Hoc|iPhone.Build.0 = Release|x86
		{8B507B3B-C1FE-4688-97D0-90E8C31B5EB6}.Ad-Hoc|iPhone.Deploy.0 = Release|x86
		{8B507B3B-C1FE-4688-97D0-90E8C31B5EB6}.Ad-Hoc|iPhoneSimulator.ActiveCfg = Release|x86
		{8B507B3B-C1FE-4688-97D0-90E8C31B5EB6}.Ad-Hoc|iPhoneSimulator.Build.0 = Release|x86
		{8B507B3B-C1FE-4688-97D0-90E8C31B5EB6}.Ad-Hoc|iPhoneSimulator.Deploy.0 = Release|x86
		{8B507B3B-C1FE-4688-97D0-90E8C31B5EB6}.Ad-Hoc|x64.ActiveCfg = Release|x64
		{8B507B3B-C1FE-4688-97D0-90E8C31B5EB6}.Ad-Hoc|x64.Build.0 = Release|x64
		{8B507B3B-C1FE-4688-97D0-90E8C31B5EB6}.Ad-Hoc|x64.Deploy.0 = Release|x64
		{8B507B3B-C1FE-4688-97D0-90E8C31B5EB6}.Ad-Hoc|x86.ActiveCfg = Release|x86
		{8B507B3B-C1FE-4688-97D0-90E8C31B5EB6}.Ad-Hoc|x86.Build.0 = Release|x86
		{8B507B3B-C1FE-4688-97D0-90E8C31B5EB6}.Ad-Hoc|x86.Deploy.0 = Release|x86
		{8B507B3B-C1FE-4688-97D0-90E8C31B5EB6}.AppStore|Any CPU.ActiveCfg = Release|x86
		{8B507B3B-C1FE-4688-97D0-90E8C31B5EB6}.AppStore|Any CPU.Build.0 = Release|x86
		{8B507B3B-C1FE-4688-97D0-90E8C31B5EB6}.AppStore|Any CPU.Deploy.0 = Release|x86
		{8B507B3B-C1FE-4688-97D0-90E8C31B5EB6}.AppStore|ARM.ActiveCfg = Release|ARM
		{8B507B3B-C1FE-4688-97D0-90E8C31B5EB6}.AppStore|ARM.Build.0 = Release|ARM
		{8B507B3B-C1FE-4688-97D0-90E8C31B5EB6}.AppStore|ARM.Deploy.0 = Release|ARM
		{8B507B3B-C1FE-4688-97D0-90E8C31B5EB6}.AppStore|iPhone.ActiveCfg = Release|x86
		{8B507B3B-C1FE-4688-97D0-90E8C31B5EB6}.AppStore|iPhone.Build.0 = Release|x86
		{8B507B3B-C1FE-4688-97D0-90E8C31B5EB6}.AppStore|iPhone.Deploy.0 = Release|x86
		{8B507B3B-C1FE-4688-97D0-90E8C31B5EB6}.AppStore|iPhoneSimulator.ActiveCfg = Release|x86
		{8B507B3B-C1FE-4688-97D0-90E8C31B5EB6}.AppStore|iPhoneSimulator.Build.0 = Release|x86
		{8B507B3B-C1FE-4688-97D0-90E8C31B5EB6}.AppStore|iPhoneSimulator.Deploy.0 = Release|x86
		{8B507B3B-C1FE-4688-97D0-90E8C31B5EB6}.AppStore|x64.ActiveCfg = Release|x64
		{8B507B3B-C1FE-4688-97D0-90E8C31B5EB6}.AppStore|x64.Build.0 = Release|x64
		{8B507B3B-C1FE-4688-97D0-90E8C31B5EB6}.AppStore|x64.Deploy.0 = Release|x64
		{8B507B3B-C1FE-4688-97D0-90E8C31B5EB6}.AppStore|x86.ActiveCfg = Release|x86
		{8B507B3B-C1FE-4688-97D0-90E8C31B5EB6}.AppStore|x86.Build.0 = Release|x86
		{8B507B3B-C1FE-4688-97D0-90E8C31B5EB6}.AppStore|x86.Deploy.0 = Release|x86
		{8B507B3B-C1FE-4688-97D0-90E8C31B5EB6}.Debug|Any CPU.ActiveCfg = Debug|x86
		{8B507B3B-C1FE-4688-97D0-90E8C31B5EB6}.Debug|ARM.ActiveCfg = Debug|ARM
		{8B507B3B-C1FE-4688-97D0-90E8C31B5EB6}.Debug|ARM.Build.0 = Debug|ARM
		{8B507B3B-C1FE-4688-97D0-90E8C31B5EB6}.Debug|ARM.Deploy.0 = Debug|ARM
		{8B507B3B-C1FE-4688-97D0-90E8C31B5EB6}.Debug|iPhone.ActiveCfg = Debug|x86
		{8B507B3B-C1FE-4688-97D0-90E8C31B5EB6}.Debug|iPhoneSimulator.ActiveCfg = Debug|x86
		{8B507B3B-C1FE-4688-97D0-90E8C31B5EB6}.Debug|x64.ActiveCfg = Debug|x64
		{8B507B3B-C1FE-4688-97D0-90E8C31B5EB6}.Debug|x64.Build.0 = Debug|x64
		{8B507B3B-C1FE-4688-97D0-90E8C31B5EB6}.Debug|x64.Deploy.0 = Debug|x64
		{8B507B3B-C1FE-4688-97D0-90E8C31B5EB6}.Debug|x86.ActiveCfg = Debug|x86
		{8B507B3B-C1FE-4688-97D0-90E8C31B5EB6}.Debug|x86.Build.0 = Debug|x86
		{8B507B3B-C1FE-4688-97D0-90E8C31B5EB6}.Debug|x86.Deploy.0 = Debug|x86
		{8B507B3B-C1FE-4688-97D0-90E8C31B5EB6}.Release|Any CPU.ActiveCfg = Release|x86
		{8B507B3B-C1FE-4688-97D0-90E8C31B5EB6}.Release|ARM.ActiveCfg = Release|ARM
		{8B507B3B-C1FE-4688-97D0-90E8C31B5EB6}.Release|ARM.Build.0 = Release|ARM
		{8B507B3B-C1FE-4688-97D0-90E8C31B5EB6}.Release|ARM.Deploy.0 = Release|ARM
		{8B507B3B-C1FE-4688-97D0-90E8C31B5EB6}.Release|iPhone.ActiveCfg = Release|x86
		{8B507B3B-C1FE-4688-97D0-90E8C31B5EB6}.Release|iPhoneSimulator.ActiveCfg = Release|x86
		{8B507B3B-C1FE-4688-97D0-90E8C31B5EB6}.Release|x64.ActiveCfg = Release|x64
		{8B507B3B-C1FE-4688-97D0-90E8C31B5EB6}.Release|x64.Build.0 = Release|x64
		{8B507B3B-C1FE-4688-97D0-90E8C31B5EB6}.Release|x64.Deploy.0 = Release|x64
		{8B507B3B-C1FE-4688-97D0-90E8C31B5EB6}.Release|x86.ActiveCfg = Release|x86
		{8B507B3B-C1FE-4688-97D0-90E8C31B5EB6}.Release|x86.Build.0 = Release|x86
		{8B507B3B-C1FE-4688-97D0-90E8C31B5EB6}.Release|x86.Deploy.0 = Release|x86
	EndGlobalSection
	GlobalSection(SolutionProperties) = preSolution
		HideSolutionNode = FALSE
	EndGlobalSection
EndGlobal
